// !$*UTF8*$!
{
	archiveVersion = 1;
	classes = {
	};
	objectVersion = 56;
	objects = {

/* Begin PBXBuildFile section */
		55674BC52A75029100FD0AB7 /* AppDelegate.swift in Sources */ = {isa = PBXBuildFile; fileRef = 55674BC42A75029100FD0AB7 /* AppDelegate.swift */; };
		55674BC72A75029100FD0AB7 /* SceneDelegate.swift in Sources */ = {isa = PBXBuildFile; fileRef = 55674BC62A75029100FD0AB7 /* SceneDelegate.swift */; };
		55674BCC2A75029100FD0AB7 /* Main.storyboard in Resources */ = {isa = PBXBuildFile; fileRef = 55674BCA2A75029100FD0AB7 /* Main.storyboard */; };
		55674BCE2A75029300FD0AB7 /* Assets.xcassets in Resources */ = {isa = PBXBuildFile; fileRef = 55674BCD2A75029300FD0AB7 /* Assets.xcassets */; };
		55674BD12A75029300FD0AB7 /* LaunchScreen.storyboard in Resources */ = {isa = PBXBuildFile; fileRef = 55674BCF2A75029300FD0AB7 /* LaunchScreen.storyboard */; };
		55674BD92A75090D00FD0AB7 /* ShoppingListTableViewCell.swift in Sources */ = {isa = PBXBuildFile; fileRef = 55674BD82A75090D00FD0AB7 /* ShoppingListTableViewCell.swift */; };
		55674BDB2A7509C300FD0AB7 /* ShoppingListTableViewController.swift in Sources */ = {isa = PBXBuildFile; fileRef = 55674BDA2A7509C300FD0AB7 /* ShoppingListTableViewController.swift */; };
		55674BDD2A75108C00FD0AB7 /* ShoppingList.swift in Sources */ = {isa = PBXBuildFile; fileRef = 55674BDC2A75108C00FD0AB7 /* ShoppingList.swift */; };
		55674BDF2A75132000FD0AB7 /* UserDefault.swift in Sources */ = {isa = PBXBuildFile; fileRef = 55674BDE2A75132000FD0AB7 /* UserDefault.swift */; };
		55674BE32A7574FF00FD0AB7 /* MovieInfo.swift in Sources */ = {isa = PBXBuildFile; fileRef = 55674BE22A7574FF00FD0AB7 /* MovieInfo.swift */; };
		55674BE62A75753C00FD0AB7 /* MovieListTableViewController.swift in Sources */ = {isa = PBXBuildFile; fileRef = 55674BE52A75753C00FD0AB7 /* MovieListTableViewController.swift */; };
		55674BE82A75755200FD0AB7 /* MovieListTableViewCell.swift in Sources */ = {isa = PBXBuildFile; fileRef = 55674BE72A75755200FD0AB7 /* MovieListTableViewCell.swift */; };
/* End PBXBuildFile section */

/* Begin PBXFileReference section */
		55674BC12A75029100FD0AB7 /* ShoppingList+MovieList.app */ = {isa = PBXFileReference; explicitFileType = wrapper.application; includeInIndex = 0; path = "ShoppingList+MovieList.app"; sourceTree = BUILT_PRODUCTS_DIR; };
		55674BC42A75029100FD0AB7 /* AppDelegate.swift */ = {isa = PBXFileReference; lastKnownFileType = sourcecode.swift; path = AppDelegate.swift; sourceTree = "<group>"; };
		55674BC62A75029100FD0AB7 /* SceneDelegate.swift */ = {isa = PBXFileReference; lastKnownFileType = sourcecode.swift; path = SceneDelegate.swift; sourceTree = "<group>"; };
		55674BCB2A75029100FD0AB7 /* Base */ = {isa = PBXFileReference; lastKnownFileType = file.storyboard; name = Base; path = Base.lproj/Main.storyboard; sourceTree = "<group>"; };
		55674BCD2A75029300FD0AB7 /* Assets.xcassets */ = {isa = PBXFileReference; lastKnownFileType = folder.assetcatalog; path = Assets.xcassets; sourceTree = "<group>"; };
		55674BD02A75029300FD0AB7 /* Base */ = {isa = PBXFileReference; lastKnownFileType = file.storyboard; name = Base; path = Base.lproj/LaunchScreen.storyboard; sourceTree = "<group>"; };
		55674BD22A75029300FD0AB7 /* Info.plist */ = {isa = PBXFileReference; lastKnownFileType = text.plist.xml; path = Info.plist; sourceTree = "<group>"; };
		55674BD82A75090D00FD0AB7 /* ShoppingListTableViewCell.swift */ = {isa = PBXFileReference; lastKnownFileType = sourcecode.swift; path = ShoppingListTableViewCell.swift; sourceTree = "<group>"; };
		55674BDA2A7509C300FD0AB7 /* ShoppingListTableViewController.swift */ = {isa = PBXFileReference; lastKnownFileType = sourcecode.swift; path = ShoppingListTableViewController.swift; sourceTree = "<group>"; };
		55674BDC2A75108C00FD0AB7 /* ShoppingList.swift */ = {isa = PBXFileReference; lastKnownFileType = sourcecode.swift; path = ShoppingList.swift; sourceTree = "<group>"; };
		55674BDE2A75132000FD0AB7 /* UserDefault.swift */ = {isa = PBXFileReference; lastKnownFileType = sourcecode.swift; path = UserDefault.swift; sourceTree = "<group>"; };
		55674BE22A7574FF00FD0AB7 /* MovieInfo.swift */ = {isa = PBXFileReference; fileEncoding = 4; lastKnownFileType = sourcecode.swift; path = MovieInfo.swift; sourceTree = "<group>"; };
		55674BE52A75753C00FD0AB7 /* MovieListTableViewController.swift */ = {isa = PBXFileReference; lastKnownFileType = sourcecode.swift; path = MovieListTableViewController.swift; sourceTree = "<group>"; };
		55674BE72A75755200FD0AB7 /* MovieListTableViewCell.swift */ = {isa = PBXFileReference; lastKnownFileType = sourcecode.swift; path = MovieListTableViewCell.swift; sourceTree = "<group>"; };
/* End PBXFileReference section */

/* Begin PBXFrameworksBuildPhase section */
		55674BBE2A75029100FD0AB7 /* Frameworks */ = {
			isa = PBXFrameworksBuildPhase;
			buildActionMask = 2147483647;
			files = (
			);
			runOnlyForDeploymentPostprocessing = 0;
		};
/* End PBXFrameworksBuildPhase section */

/* Begin PBXGroup section */
		55674BB82A75029100FD0AB7 = {
			isa = PBXGroup;
			children = (
				55674BC32A75029100FD0AB7 /* ShoppingList+MovieList */,
				55674BC22A75029100FD0AB7 /* Products */,
			);
			sourceTree = "<group>";
		};
		55674BC22A75029100FD0AB7 /* Products */ = {
			isa = PBXGroup;
			children = (
				55674BC12A75029100FD0AB7 /* ShoppingList+MovieList.app */,
			);
			name = Products;
			sourceTree = "<group>";
		};
		55674BC32A75029100FD0AB7 /* ShoppingList+MovieList */ = {
			isa = PBXGroup;
			children = (
				55674BCD2A75029300FD0AB7 /* Assets.xcassets */,
				55674BD22A75029300FD0AB7 /* Info.plist */,
				55674BE02A75725E00FD0AB7 /* App */,
				55674BE42A75750700FD0AB7 /* Movie */,
				55674BE12A75727100FD0AB7 /* Shopping */,
			);
			path = "ShoppingList+MovieList";
			sourceTree = "<group>";
		};
		55674BE02A75725E00FD0AB7 /* App */ = {
			isa = PBXGroup;
			children = (
				55674BC42A75029100FD0AB7 /* AppDelegate.swift */,
				55674BC62A75029100FD0AB7 /* SceneDelegate.swift */,
				55674BCA2A75029100FD0AB7 /* Main.storyboard */,
				55674BCF2A75029300FD0AB7 /* LaunchScreen.storyboard */,
			);
			path = App;
			sourceTree = "<group>";
		};
		55674BE12A75727100FD0AB7 /* Shopping */ = {
			isa = PBXGroup;
			children = (
				55674BD82A75090D00FD0AB7 /* ShoppingListTableViewCell.swift */,
				55674BDA2A7509C300FD0AB7 /* ShoppingListTableViewController.swift */,
				55674BDC2A75108C00FD0AB7 /* ShoppingList.swift */,
				55674BDE2A75132000FD0AB7 /* UserDefault.swift */,
			);
			path = Shopping;
			sourceTree = "<group>";
		};
		55674BE42A75750700FD0AB7 /* Movie */ = {
			isa = PBXGroup;
			children = (
				55674BE22A7574FF00FD0AB7 /* MovieInfo.swift */,
				55674BE52A75753C00FD0AB7 /* MovieListTableViewController.swift */,
				55674BE72A75755200FD0AB7 /* MovieListTableViewCell.swift */,
			);
			path = Movie;
			sourceTree = "<group>";
		};
/* End PBXGroup section */

/* Begin PBXNativeTarget section */
		55674BC02A75029100FD0AB7 /* ShoppingList+MovieList */ = {
			isa = PBXNativeTarget;
			buildConfigurationList = 55674BD52A75029300FD0AB7 /* Build configuration list for PBXNativeTarget "ShoppingList+MovieList" */;
			buildPhases = (
				55674BBD2A75029100FD0AB7 /* Sources */,
				55674BBE2A75029100FD0AB7 /* Frameworks */,
				55674BBF2A75029100FD0AB7 /* Resources */,
			);
			buildRules = (
			);
			dependencies = (
			);
			name = "ShoppingList+MovieList";
			productName = "ShoppingList+MovieList";
			productReference = 55674BC12A75029100FD0AB7 /* ShoppingList+MovieList.app */;
			productType = "com.apple.product-type.application";
		};
/* End PBXNativeTarget section */

/* Begin PBXProject section */
		55674BB92A75029100FD0AB7 /* Project object */ = {
			isa = PBXProject;
			attributes = {
				BuildIndependentTargetsInParallel = 1;
				LastSwiftUpdateCheck = 1430;
				LastUpgradeCheck = 1430;
				TargetAttributes = {
					55674BC02A75029100FD0AB7 = {
						CreatedOnToolsVersion = 14.3.1;
					};
				};
			};
			buildConfigurationList = 55674BBC2A75029100FD0AB7 /* Build configuration list for PBXProject "ShoppingList+MovieList" */;
			compatibilityVersion = "Xcode 14.0";
			developmentRegion = en;
			hasScannedForEncodings = 0;
			knownRegions = (
				en,
				Base,
			);
			mainGroup = 55674BB82A75029100FD0AB7;
			productRefGroup = 55674BC22A75029100FD0AB7 /* Products */;
			projectDirPath = "";
			projectRoot = "";
			targets = (
				55674BC02A75029100FD0AB7 /* ShoppingList+MovieList */,
			);
		};
/* End PBXProject section */

/* Begin PBXResourcesBuildPhase section */
		55674BBF2A75029100FD0AB7 /* Resources */ = {
			isa = PBXResourcesBuildPhase;
			buildActionMask = 2147483647;
			files = (
				55674BD12A75029300FD0AB7 /* LaunchScreen.storyboard in Resources */,
				55674BCE2A75029300FD0AB7 /* Assets.xcassets in Resources */,
				55674BCC2A75029100FD0AB7 /* Main.storyboard in Resources */,
			);
			runOnlyForDeploymentPostprocessing = 0;
		};
/* End PBXResourcesBuildPhase section */

/* Begin PBXSourcesBuildPhase section */
		55674BBD2A75029100FD0AB7 /* Sources */ = {
			isa = PBXSourcesBuildPhase;
			buildActionMask = 2147483647;
			files = (
				55674BE62A75753C00FD0AB7 /* MovieListTableViewController.swift in Sources */,
				55674BE32A7574FF00FD0AB7 /* MovieInfo.swift in Sources */,
				55674BD92A75090D00FD0AB7 /* ShoppingListTableViewCell.swift in Sources */,
				55674BC52A75029100FD0AB7 /* AppDelegate.swift in Sources */,
				55674BDF2A75132000FD0AB7 /* UserDefault.swift in Sources */,
				55674BDD2A75108C00FD0AB7 /* ShoppingList.swift in Sources */,
				55674BC72A75029100FD0AB7 /* SceneDelegate.swift in Sources */,
				55674BE82A75755200FD0AB7 /* MovieListTableViewCell.swift in Sources */,
				55674BDB2A7509C300FD0AB7 /* ShoppingListTableViewController.swift in Sources */,
			);
			runOnlyForDeploymentPostprocessing = 0;
		};
/* End PBXSourcesBuildPhase section */

/* Begin PBXVariantGroup section */
		55674BCA2A75029100FD0AB7 /* Main.storyboard */ = {
			isa = PBXVariantGroup;
			children = (
				55674BCB2A75029100FD0AB7 /* Base */,
			);
			name = Main.storyboard;
			sourceTree = "<group>";
		};
		55674BCF2A75029300FD0AB7 /* LaunchScreen.storyboard */ = {
			isa = PBXVariantGroup;
			children = (
				55674BD02A75029300FD0AB7 /* Base */,
			);
			name = LaunchScreen.storyboard;
			sourceTree = "<group>";
		};
/* End PBXVariantGroup section */

/* Begin XCBuildConfiguration section */
		55674BD32A75029300FD0AB7 /* Debug */ = {
			isa = XCBuildConfiguration;
			buildSettings = {
				ALWAYS_SEARCH_USER_PATHS = NO;
				CLANG_ANALYZER_NONNULL = YES;
				CLANG_ANALYZER_NUMBER_OBJECT_CONVERSION = YES_AGGRESSIVE;
				CLANG_CXX_LANGUAGE_STANDARD = "gnu++20";
				CLANG_ENABLE_MODULES = YES;
				CLANG_ENABLE_OBJC_ARC = YES;
				CLANG_ENABLE_OBJC_WEAK = YES;
				CLANG_WARN_BLOCK_CAPTURE_AUTORELEASING = YES;
				CLANG_WARN_BOOL_CONVERSION = YES;
				CLANG_WARN_COMMA = YES;
				CLANG_WARN_CONSTANT_CONVERSION = YES;
				CLANG_WARN_DEPRECATED_OBJC_IMPLEMENTATIONS = YES;
				CLANG_WARN_DIRECT_OBJC_ISA_USAGE = YES_ERROR;
				CLANG_WARN_DOCUMENTATION_COMMENTS = YES;
				CLANG_WARN_EMPTY_BODY = YES;
				CLANG_WARN_ENUM_CONVERSION = YES;
				CLANG_WARN_INFINITE_RECURSION = YES;
				CLANG_WARN_INT_CONVERSION = YES;
				CLANG_WARN_NON_LITERAL_NULL_CONVERSION = YES;
				CLANG_WARN_OBJC_IMPLICIT_RETAIN_SELF = YES;
				CLANG_WARN_OBJC_LITERAL_CONVERSION = YES;
				CLANG_WARN_OBJC_ROOT_CLASS = YES_ERROR;
				CLANG_WARN_QUOTED_INCLUDE_IN_FRAMEWORK_HEADER = YES;
				CLANG_WARN_RANGE_LOOP_ANALYSIS = YES;
				CLANG_WARN_STRICT_PROTOTYPES = YES;
				CLANG_WARN_SUSPICIOUS_MOVE = YES;
				CLANG_WARN_UNGUARDED_AVAILABILITY = YES_AGGRESSIVE;
				CLANG_WARN_UNREACHABLE_CODE = YES;
				CLANG_WARN__DUPLICATE_METHOD_MATCH = YES;
				COPY_PHASE_STRIP = NO;
				DEBUG_INFORMATION_FORMAT = dwarf;
				ENABLE_STRICT_OBJC_MSGSEND = YES;
				ENABLE_TESTABILITY = YES;
				GCC_C_LANGUAGE_STANDARD = gnu11;
				GCC_DYNAMIC_NO_PIC = NO;
				GCC_NO_COMMON_BLOCKS = YES;
				GCC_OPTIMIZATION_LEVEL = 0;
				GCC_PREPROCESSOR_DEFINITIONS = (
					"DEBUG=1",
					"$(inherited)",
				);
				GCC_WARN_64_TO_32_BIT_CONVERSION = YES;
				GCC_WARN_ABOUT_RETURN_TYPE = YES_ERROR;
				GCC_WARN_UNDECLARED_SELECTOR = YES;
				GCC_WARN_UNINITIALIZED_AUTOS = YES_AGGRESSIVE;
				GCC_WARN_UNUSED_FUNCTION = YES;
				GCC_WARN_UNUSED_VARIABLE = YES;
				IPHONEOS_DEPLOYMENT_TARGET = 16.4;
				MTL_ENABLE_DEBUG_INFO = INCLUDE_SOURCE;
				MTL_FAST_MATH = YES;
				ONLY_ACTIVE_ARCH = YES;
				SDKROOT = iphoneos;
				SWIFT_ACTIVE_COMPILATION_CONDITIONS = DEBUG;
				SWIFT_OPTIMIZATION_LEVEL = "-Onone";
			};
			name = Debug;
		};
		55674BD42A75029300FD0AB7 /* Release */ = {
			isa = XCBuildConfiguration;
			buildSettings = {
				ALWAYS_SEARCH_USER_PATHS = NO;
				CLANG_ANALYZER_NONNULL = YES;
				CLANG_ANALYZER_NUMBER_OBJECT_CONVERSION = YES_AGGRESSIVE;
				CLANG_CXX_LANGUAGE_STANDARD = "gnu++20";
				CLANG_ENABLE_MODULES = YES;
				CLANG_ENABLE_OBJC_ARC = YES;
				CLANG_ENABLE_OBJC_WEAK = YES;
				CLANG_WARN_BLOCK_CAPTURE_AUTORELEASING = YES;
				CLANG_WARN_BOOL_CONVERSION = YES;
				CLANG_WARN_COMMA = YES;
				CLANG_WARN_CONSTANT_CONVERSION = YES;
				CLANG_WARN_DEPRECATED_OBJC_IMPLEMENTATIONS = YES;
				CLANG_WARN_DIRECT_OBJC_ISA_USAGE = YES_ERROR;
				CLANG_WARN_DOCUMENTATION_COMMENTS = YES;
				CLANG_WARN_EMPTY_BODY = YES;
				CLANG_WARN_ENUM_CONVERSION = YES;
				CLANG_WARN_INFINITE_RECURSION = YES;
				CLANG_WARN_INT_CONVERSION = YES;
				CLANG_WARN_NON_LITERAL_NULL_CONVERSION = YES;
				CLANG_WARN_OBJC_IMPLICIT_RETAIN_SELF = YES;
				CLANG_WARN_OBJC_LITERAL_CONVERSION = YES;
				CLANG_WARN_OBJC_ROOT_CLASS = YES_ERROR;
				CLANG_WARN_QUOTED_INCLUDE_IN_FRAMEWORK_HEADER = YES;
				CLANG_WARN_RANGE_LOOP_ANALYSIS = YES;
				CLANG_WARN_STRICT_PROTOTYPES = YES;
				CLANG_WARN_SUSPICIOUS_MOVE = YES;
				CLANG_WARN_UNGUARDED_AVAILABILITY = YES_AGGRESSIVE;
				CLANG_WARN_UNREACHABLE_CODE = YES;
				CLANG_WARN__DUPLICATE_METHOD_MATCH = YES;
				COPY_PHASE_STRIP = NO;
				DEBUG_INFORMATION_FORMAT = "dwarf-with-dsym";
				ENABLE_NS_ASSERTIONS = NO;
				ENABLE_STRICT_OBJC_MSGSEND = YES;
				GCC_C_LANGUAGE_STANDARD = gnu11;
				GCC_NO_COMMON_BLOCKS = YES;
				GCC_WARN_64_TO_32_BIT_CONVERSION = YES;
				GCC_WARN_ABOUT_RETURN_TYPE = YES_ERROR;
				GCC_WARN_UNDECLARED_SELECTOR = YES;
				GCC_WARN_UNINITIALIZED_AUTOS = YES_AGGRESSIVE;
				GCC_WARN_UNUSED_FUNCTION = YES;
				GCC_WARN_UNUSED_VARIABLE = YES;
				IPHONEOS_DEPLOYMENT_TARGET = 16.4;
				MTL_ENABLE_DEBUG_INFO = NO;
				MTL_FAST_MATH = YES;
				SDKROOT = iphoneos;
				SWIFT_COMPILATION_MODE = wholemodule;
				SWIFT_OPTIMIZATION_LEVEL = "-O";
				VALIDATE_PRODUCT = YES;
			};
			name = Release;
		};
		55674BD62A75029300FD0AB7 /* Debug */ = {
			isa = XCBuildConfiguration;
			buildSettings = {
				ASSETCATALOG_COMPILER_APPICON_NAME = AppIcon;
				ASSETCATALOG_COMPILER_GLOBAL_ACCENT_COLOR_NAME = AccentColor;
				CODE_SIGN_STYLE = Automatic;
				CURRENT_PROJECT_VERSION = 1;
				DEVELOPMENT_TEAM = VJ2VF4KUF7;
				GENERATE_INFOPLIST_FILE = YES;
				INFOPLIST_FILE = "ShoppingList+MovieList/Info.plist";
				INFOPLIST_KEY_UIApplicationSupportsIndirectInputEvents = YES;
				INFOPLIST_KEY_UILaunchStoryboardName = LaunchScreen;
				INFOPLIST_KEY_UIMainStoryboardFile = Main;
				INFOPLIST_KEY_UISupportedInterfaceOrientations_iPad = "UIInterfaceOrientationPortrait UIInterfaceOrientationPortraitUpsideDown UIInterfaceOrientationLandscapeLeft UIInterfaceOrientationLandscapeRight";
				INFOPLIST_KEY_UISupportedInterfaceOrientations_iPhone = "UIInterfaceOrientationPortrait UIInterfaceOrientationLandscapeLeft UIInterfaceOrientationLandscapeRight";
				LD_RUNPATH_SEARCH_PATHS = (
					"$(inherited)",
					"@executable_path/Frameworks",
				);
				MARKETING_VERSION = 1.0;
				PRODUCT_BUNDLE_IDENTIFIER = "com.Jimmy.ShoppingList-MovieList";
				PRODUCT_NAME = "$(TARGET_NAME)";
				SWIFT_EMIT_LOC_STRINGS = YES;
				SWIFT_VERSION = 5.0;
				TARGETED_DEVICE_FAMILY = "1,2";
			};
			name = Debug;
		};
		55674BD72A75029300FD0AB7 /* Release */ = {
			isa = XCBuildConfiguration;
			buildSettings = {
				ASSETCATALOG_COMPILER_APPICON_NAME = AppIcon;
				ASSETCATALOG_COMPILER_GLOBAL_ACCENT_COLOR_NAME = AccentColor;
				CODE_SIGN_STYLE = Automatic;
				CURRENT_PROJECT_VERSION = 1;
				DEVELOPMENT_TEAM = VJ2VF4KUF7;
				GENERATE_INFOPLIST_FILE = YES;
				INFOPLIST_FILE = "ShoppingList+MovieList/Info.plist";
				INFOPLIST_KEY_UIApplicationSupportsIndirectInputEvents = YES;
				INFOPLIST_KEY_UILaunchStoryboardName = LaunchScreen;
				INFOPLIST_KEY_UIMainStoryboardFile = Main;
				INFOPLIST_KEY_UISupportedInterfaceOrientations_iPad = "UIInterfaceOrientationPortrait UIInterfaceOrientationPortraitUpsideDown UIInterfaceOrientationLandscapeLeft UIInterfaceOrientationLandscapeRight";
				INFOPLIST_KEY_UISupportedInterfaceOrientations_iPhone = "UIInterfaceOrientationPortrait UIInterfaceOrientationLandscapeLeft UIInterfaceOrientationLandscapeRight";
				LD_RUNPATH_SEARCH_PATHS = (
					"$(inherited)",
					"@executable_path/Frameworks",
				);
				MARKETING_VERSION = 1.0;
				PRODUCT_BUNDLE_IDENTIFIER = "com.Jimmy.ShoppingList-MovieList";
				PRODUCT_NAME = "$(TARGET_NAME)";
				SWIFT_EMIT_LOC_STRINGS = YES;
				SWIFT_VERSION = 5.0;
				TARGETED_DEVICE_FAMILY = "1,2";
			};
			name = Release;
		};
/* End XCBuildConfiguration section */

/* Begin XCConfigurationList section */
		55674BBC2A75029100FD0AB7 /* Build configuration list for PBXProject "ShoppingList+MovieList" */ = {
			isa = XCConfigurationList;
			buildConfigurations = (
				55674BD32A75029300FD0AB7 /* Debug */,
				55674BD42A75029300FD0AB7 /* Release */,
			);
			defaultConfigurationIsVisible = 0;
			defaultConfigurationName = Release;
		};
		55674BD52A75029300FD0AB7 /* Build configuration list for PBXNativeTarget "ShoppingList+MovieList" */ = {
			isa = XCConfigurationList;
			buildConfigurations = (
				55674BD62A75029300FD0AB7 /* Debug */,
				55674BD72A75029300FD0AB7 /* Release */,
			);
			defaultConfigurationIsVisible = 0;
			defaultConfigurationName = Release;
		};
/* End XCConfigurationList section */
	};
	rootObject = 55674BB92A75029100FD0AB7 /* Project object */;
}
